
Microsoft Visual Studio Solution File, Format Version 12.00
# Visual Studio Version 16
VisualStudioVersion = 16.0.31321.278
MinimumVisualStudioVersion = 10.0.40219.1
Project("{FAE04EC0-301F-11D3-BF4B-00C04F79EFBC}") = "PhoneBookCapture", "PhoneBookCapture\PhoneBookCapture.csproj", "{E82997C5-7F1C-4F9B-A7F4-9D2E8BBBE87F}"
EndProject
Project("{FAE04EC0-301F-11D3-BF4B-00C04F79EFBC}") = "PhoneBookCaptureAPI", "PhoneBookCaptureAPI\PhoneBookCaptureAPI.csproj", "{3826114C-E351-4E0B-ABE4-E89886119152}"
EndProject
Global
	GlobalSection(SolutionConfigurationPlatforms) = preSolution
		Debug|Any CPU = Debug|Any CPU
		Release|Any CPU = Release|Any CPU
	EndGlobalSection
	GlobalSection(ProjectConfigurationPlatforms) = postSolution
		{E82997C5-7F1C-4F9B-A7F4-9D2E8BBBE87F}.Debug|Any CPU.ActiveCfg = Debug|Any CPU
		{E82997C5-7F1C-4F9B-A7F4-9D2E8BBBE87F}.Debug|Any CPU.Build.0 = Debug|Any CPU
		{E82997C5-7F1C-4F9B-A7F4-9D2E8BBBE87F}.Release|Any CPU.ActiveCfg = Release|Any CPU
		{E82997C5-7F1C-4F9B-A7F4-9D2E8BBBE87F}.Release|Any CPU.Build.0 = Release|Any CPU
		{3826114C-E351-4E0B-ABE4-E89886119152}.Debug|Any CPU.ActiveCfg = Debug|Any CPU
		{3826114C-E351-4E0B-ABE4-E89886119152}.Debug|Any CPU.Build.0 = Debug|Any CPU
		{3826114C-E351-4E0B-ABE4-E89886119152}.Release|Any CPU.ActiveCfg = Release|Any CPU
		{3826114C-E351-4E0B-ABE4-E89886119152}.Release|Any CPU.Build.0 = Release|Any CPU
	EndGlobalSection
	GlobalSection(SolutionProperties) = preSolution
		HideSolutionNode = FALSE
	EndGlobalSection
	GlobalSection(ExtensibilityGlobals) = postSolution
		SolutionGuid = {2ED26FB3-CA7C-4DFC-9B6E-24AC8DDEB81E}
	EndGlobalSection
EndGlobal
